
Microsoft Visual Studio Solution File, Format Version 11.00
# Visual Studio 2010
Project("{FAE04EC0-301F-11D3-BF4B-00C04F79EFBC}") = "W3WGame.Admin", "W3WGame.Admin\W3WGame.Admin.csproj", "{FBEA9406-84E8-4823-B016-083B6D40BB3E}"
EndProject
Project("{FAE04EC0-301F-11D3-BF4B-00C04F79EFBC}") = "W3WGame.Core", "W3WGame.Core\W3WGame.Core.csproj", "{6A87C312-B6FE-4799-961B-5AAAA6F701F5}"
EndProject
Project("{2150E333-8FDC-42A3-9474-1A3956D46DE8}") = "W3WGame.Sits", "W3WGame.Sits", "{C771A22C-20C4-4E6C-A812-2EE6AC1C0749}"
EndProject
Project("{FAE04EC0-301F-11D3-BF4B-00C04F79EFBC}") = "W3WGame.Admin.Controllers", "W3WGame.Admin.Controllers\W3WGame.Admin.Controllers.csproj", "{70012157-8FA5-425C-9BC1-21FF8996C1A7}"
EndProject
Project("{FAE04EC0-301F-11D3-BF4B-00C04F79EFBC}") = "W3WGame.Web.Controllers", "W3WGame.Web.Controllers\W3WGame.Web.Controllers.csproj", "{106E3E9E-3E35-439B-BF6C-FD21843CCAAB}"
EndProject
Project("{FAE04EC0-301F-11D3-BF4B-00C04F79EFBC}") = "W3WGame.Dao", "W3WGame.Dao\W3WGame.Dao.csproj", "{B2AC62E3-0142-4AB0-863B-EF2DDF47660E}"
EndProject
Project("{FAE04EC0-301F-11D3-BF4B-00C04F79EFBC}") = "W3WGame.Task", "W3WGame.Task\W3WGame.Task.csproj", "{B3C45B36-1A4E-4D8F-8D0E-E219FF0E4BF5}"
EndProject
Project("{FAE04EC0-301F-11D3-BF4B-00C04F79EFBC}") = "WangFramework", "..\WangFramework\WangFramework\WangFramework.csproj", "{4D71156E-2A43-4E53-BD2E-8D41389D1376}"
EndProject
Project("{FAE04EC0-301F-11D3-BF4B-00C04F79EFBC}") = "W3WGame.Web", "W3WGame.Web\W3WGame.Web.csproj", "{BDC642EE-1B07-431A-B80B-A93829CCB961}"
EndProject
Project("{FAE04EC0-301F-11D3-BF4B-00C04F79EFBC}") = "W3WGame.Services", "W3WGame.Services\W3WGame.Services.csproj", "{4DEF923D-2647-4516-ADD8-3C1002895402}"
EndProject
Project("{FAE04EC0-301F-11D3-BF4B-00C04F79EFBC}") = "W3WGame.Ka", "W3WGame.Ka\W3WGame.Ka.csproj", "{EFC2428F-03CF-4A1A-87E7-CCF40057D3C7}"
EndProject
Project("{FAE04EC0-301F-11D3-BF4B-00C04F79EFBC}") = "W3WGame.Ka.Controller", "W3WGame.Ka.Controller\W3WGame.Ka.Controller.csproj", "{EF704A4B-664A-4F4C-ACF5-DE73876AB8FD}"
EndProject
Global
	GlobalSection(SolutionConfigurationPlatforms) = preSolution
		Debug|Any CPU = Debug|Any CPU
		Release|Any CPU = Release|Any CPU
	EndGlobalSection
	GlobalSection(ProjectConfigurationPlatforms) = postSolution
		{FBEA9406-84E8-4823-B016-083B6D40BB3E}.Debug|Any CPU.ActiveCfg = Debug|Any CPU
		{FBEA9406-84E8-4823-B016-083B6D40BB3E}.Debug|Any CPU.Build.0 = Debug|Any CPU
		{FBEA9406-84E8-4823-B016-083B6D40BB3E}.Release|Any CPU.ActiveCfg = Release|Any CPU
		{FBEA9406-84E8-4823-B016-083B6D40BB3E}.Release|Any CPU.Build.0 = Release|Any CPU
		{6A87C312-B6FE-4799-961B-5AAAA6F701F5}.Debug|Any CPU.ActiveCfg = Debug|Any CPU
		{6A87C312-B6FE-4799-961B-5AAAA6F701F5}.Debug|Any CPU.Build.0 = Debug|Any CPU
		{6A87C312-B6FE-4799-961B-5AAAA6F701F5}.Release|Any CPU.ActiveCfg = Release|Any CPU
		{6A87C312-B6FE-4799-961B-5AAAA6F701F5}.Release|Any CPU.Build.0 = Release|Any CPU
		{70012157-8FA5-425C-9BC1-21FF8996C1A7}.Debug|Any CPU.ActiveCfg = Debug|Any CPU
		{70012157-8FA5-425C-9BC1-21FF8996C1A7}.Debug|Any CPU.Build.0 = Debug|Any CPU
		{70012157-8FA5-425C-9BC1-21FF8996C1A7}.Release|Any CPU.ActiveCfg = Release|Any CPU
		{70012157-8FA5-425C-9BC1-21FF8996C1A7}.Release|Any CPU.Build.0 = Release|Any CPU
		{106E3E9E-3E35-439B-BF6C-FD21843CCAAB}.Debug|Any CPU.ActiveCfg = Debug|Any CPU
		{106E3E9E-3E35-439B-BF6C-FD21843CCAAB}.Debug|Any CPU.Build.0 = Debug|Any CPU
		{106E3E9E-3E35-439B-BF6C-FD21843CCAAB}.Release|Any CPU.ActiveCfg = Release|Any CPU
		{106E3E9E-3E35-439B-BF6C-FD21843CCAAB}.Release|Any CPU.Build.0 = Release|Any CPU
		{B2AC62E3-0142-4AB0-863B-EF2DDF47660E}.Debug|Any CPU.ActiveCfg = Debug|Any CPU
		{B2AC62E3-0142-4AB0-863B-EF2DDF47660E}.Debug|Any CPU.Build.0 = Debug|Any CPU
		{B2AC62E3-0142-4AB0-863B-EF2DDF47660E}.Release|Any CPU.ActiveCfg = Release|Any CPU
		{B2AC62E3-0142-4AB0-863B-EF2DDF47660E}.Release|Any CPU.Build.0 = Release|Any CPU
		{B3C45B36-1A4E-4D8F-8D0E-E219FF0E4BF5}.Debug|Any CPU.ActiveCfg = Debug|Any CPU
		{B3C45B36-1A4E-4D8F-8D0E-E219FF0E4BF5}.Debug|Any CPU.Build.0 = Debug|Any CPU
		{B3C45B36-1A4E-4D8F-8D0E-E219FF0E4BF5}.Release|Any CPU.ActiveCfg = Release|Any CPU
		{B3C45B36-1A4E-4D8F-8D0E-E219FF0E4BF5}.Release|Any CPU.Build.0 = Release|Any CPU
		{4D71156E-2A43-4E53-BD2E-8D41389D1376}.Debug|Any CPU.ActiveCfg = Debug|Any CPU
		{4D71156E-2A43-4E53-BD2E-8D41389D1376}.Debug|Any CPU.Build.0 = Debug|Any CPU
		{4D71156E-2A43-4E53-BD2E-8D41389D1376}.Release|Any CPU.ActiveCfg = Release|Any CPU
		{4D71156E-2A43-4E53-BD2E-8D41389D1376}.Release|Any CPU.Build.0 = Release|Any CPU
		{BDC642EE-1B07-431A-B80B-A93829CCB961}.Debug|Any CPU.ActiveCfg = Debug|Any CPU
		{BDC642EE-1B07-431A-B80B-A93829CCB961}.Debug|Any CPU.Build.0 = Debug|Any CPU
		{BDC642EE-1B07-431A-B80B-A93829CCB961}.Release|Any CPU.ActiveCfg = Release|Any CPU
		{BDC642EE-1B07-431A-B80B-A93829CCB961}.Release|Any CPU.Build.0 = Release|Any CPU
		{4DEF923D-2647-4516-ADD8-3C1002895402}.Debug|Any CPU.ActiveCfg = Debug|Any CPU
		{4DEF923D-2647-4516-ADD8-3C1002895402}.Debug|Any CPU.Build.0 = Debug|Any CPU
		{4DEF923D-2647-4516-ADD8-3C1002895402}.Release|Any CPU.ActiveCfg = Release|Any CPU
		{4DEF923D-2647-4516-ADD8-3C1002895402}.Release|Any CPU.Build.0 = Release|Any CPU
		{EFC2428F-03CF-4A1A-87E7-CCF40057D3C7}.Debug|Any CPU.ActiveCfg = Debug|Any CPU
		{EFC2428F-03CF-4A1A-87E7-CCF40057D3C7}.Debug|Any CPU.Build.0 = Debug|Any CPU
		{EFC2428F-03CF-4A1A-87E7-CCF40057D3C7}.Release|Any CPU.ActiveCfg = Release|Any CPU
		{EFC2428F-03CF-4A1A-87E7-CCF40057D3C7}.Release|Any CPU.Build.0 = Release|Any CPU
		{EF704A4B-664A-4F4C-ACF5-DE73876AB8FD}.Debug|Any CPU.ActiveCfg = Debug|Any CPU
		{EF704A4B-664A-4F4C-ACF5-DE73876AB8FD}.Debug|Any CPU.Build.0 = Debug|Any CPU
		{EF704A4B-664A-4F4C-ACF5-DE73876AB8FD}.Release|Any CPU.ActiveCfg = Release|Any CPU
		{EF704A4B-664A-4F4C-ACF5-DE73876AB8FD}.Release|Any CPU.Build.0 = Release|Any CPU
	EndGlobalSection
	GlobalSection(SolutionProperties) = preSolution
		HideSolutionNode = FALSE
	EndGlobalSection
	GlobalSection(NestedProjects) = preSolution
		{FBEA9406-84E8-4823-B016-083B6D40BB3E} = {C771A22C-20C4-4E6C-A812-2EE6AC1C0749}
		{70012157-8FA5-425C-9BC1-21FF8996C1A7} = {C771A22C-20C4-4E6C-A812-2EE6AC1C0749}
		{106E3E9E-3E35-439B-BF6C-FD21843CCAAB} = {C771A22C-20C4-4E6C-A812-2EE6AC1C0749}
		{BDC642EE-1B07-431A-B80B-A93829CCB961} = {C771A22C-20C4-4E6C-A812-2EE6AC1C0749}
		{EFC2428F-03CF-4A1A-87E7-CCF40057D3C7} = {C771A22C-20C4-4E6C-A812-2EE6AC1C0749}
		{EF704A4B-664A-4F4C-ACF5-DE73876AB8FD} = {C771A22C-20C4-4E6C-A812-2EE6AC1C0749}
	EndGlobalSection
EndGlobal
